# This file was autogenerated by Stack.
# You should not edit this file by hand.
# For more information, please see the documentation at:
#   https://docs.haskellstack.org/en/stable/topics/lock_files

packages:
- completed:
    hackage: ghcjs-dom-0.9.9.2@sha256:1169e70e90d046c7208798c22e7c0065ed00df3614c53358afaccae458c49b85,33041
    pantry-tree:
      sha256: 6004d42a73b9a3a2241bb164efd06c8ea3fd10b5b31fcc3f53141b493dad27e6
      size: 357
  original:
    hackage: ghcjs-dom-0.9.9.2@sha256:1169e70e90d046c7208798c22e7c0065ed00df3614c53358afaccae458c49b85,33041
- completed:
    hackage: ghcjs-dom-jsaddle-0.9.9.0@sha256:3aa78b72a77cbe62eb3532d5b310de39ecd2f6b5dddae82f752095bf5501aecb,39626
    pantry-tree:
      sha256: 2b88be47f5b594d42aa9020d019098a0bf32aafb2f3674924673ed064f1318f8
      size: 164
  original:
    hackage: ghcjs-dom-jsaddle-0.9.9.0@sha256:3aa78b72a77cbe62eb3532d5b310de39ecd2f6b5dddae82f752095bf5501aecb,39626
- completed:
    hackage: jsaddle-dom-0.9.9.2@sha256:9bd16266f4e439bc62510c251e3cb198c9b5d154296a839a13829c0bf6157edb,75693
    pantry-tree:
      sha256: 87843619173fd9fd162a91e60121d6440958bcfcc587c2faf35be5aeceb9b8ee
      size: 48295
  original:
    hackage: jsaddle-dom-0.9.9.2@sha256:9bd16266f4e439bc62510c251e3cb198c9b5d154296a839a13829c0bf6157edb,75693
- completed:
    hackage: jsaddle-warp-0.9.9.2@sha256:85c592bd70640766e9b5fa33bc07d04c8cc312f678d0e2bb2e7333d5f88282b7,3374
    pantry-tree:
      sha256: eab9611a25f6b729d23060984570ff0d50b628baf617255b65d335affa63f91c
      size: 784
  original:
    hackage: jsaddle-warp-0.9.9.2@sha256:85c592bd70640766e9b5fa33bc07d04c8cc312f678d0e2bb2e7333d5f88282b7,3374
- completed:
    hackage: patch-0.0.8.4@sha256:00904a2f2e6b9bef71b12a5200bc047d6e108af3ad74954eed1795e419949bed,3368
    pantry-tree:
      sha256: 3f5acd11096aeba4066b8f95438a68f3ee9b313521c39427730b11f2da4477ae
      size: 1179
  original:
    hackage: patch-0.0.8.4@sha256:00904a2f2e6b9bef71b12a5200bc047d6e108af3ad74954eed1795e419949bed,3368
- completed:
    hackage: reflex-0.9.3.3@sha256:a9ea57dc29765968a8dc3e1c50dbe247a9dfbede1af54aa97c9fe86df3eed186,12222
    pantry-tree:
      sha256: 8134d89dd18769c02a04a4e31978665be6812cefcc269dad0e7923e1d9eaf2bc
      size: 4664
  original:
    hackage: reflex-0.9.3.3@sha256:a9ea57dc29765968a8dc3e1c50dbe247a9dfbede1af54aa97c9fe86df3eed186,12222
- completed:
    hackage: reflex-dom-0.6.3.4@sha256:d8065389600029e1ef6d34f3e9374e89e281f3db6273ce3aef9850313a08f525,6291
    pantry-tree:
      sha256: 9b15a9e825024cde26a56a3d2e91efffde590d181d42101f6c9b35019751ec50
      size: 883
  original:
    hackage: reflex-dom-0.6.3.4@sha256:d8065389600029e1ef6d34f3e9374e89e281f3db6273ce3aef9850313a08f525,6291
- completed:
    hackage: reflex-dom-core-0.8.1.3@sha256:91d1aa7530e710cbe2070ce17f6c55d2f1a46c6431ee377a2f9a148ce1fcef17,8121
    pantry-tree:
      sha256: 044c0cd9d3dbef815597d3471cae935d9787f2bed06c27ca528c5efa5c60729c
      size: 2734
  original:
    hackage: reflex-dom-core-0.8.1.3@sha256:91d1aa7530e710cbe2070ce17f6c55d2f1a46c6431ee377a2f9a148ce1fcef17,8121
snapshots:
- completed:
    sha256: edbd50d7e7c85c13ad5f5835ae2db92fab1e9cf05ecf85340e2622ec0a303df1
    size: 720020
    url: https://raw.githubusercontent.com/commercialhaskell/stackage-snapshots/master/lts/22/34.yaml
  original: lts-22.34
